// !$*UTF8*$!
{
	archiveVersion = 1;
	classes = {
	};
	objectVersion = 46;
	objects = {

/* Begin PBXBuildFile section */
		CFC029EF197D0D4F00E68EF4 /* Foundation.framework in Frameworks */ = {isa = PBXBuildFile; fileRef = CFC029EE197D0D4F00E68EF4 /* Foundation.framework */; };
		CFC029F1197D0D4F00E68EF4 /* CoreGraphics.framework in Frameworks */ = {isa = PBXBuildFile; fileRef = CFC029F0197D0D4F00E68EF4 /* CoreGraphics.framework */; };
		CFC029F3197D0D4F00E68EF4 /* UIKit.framework in Frameworks */ = {isa = PBXBuildFile; fileRef = CFC029F2197D0D4F00E68EF4 /* UIKit.framework */; };
		CFC029F9197D0D4F00E68EF4 /* InfoPlist.strings in Resources */ = {isa = PBXBuildFile; fileRef = CFC029F7197D0D4F00E68EF4 /* InfoPlist.strings */; };
		CFC029FB197D0D4F00E68EF4 /* main.m in Sources */ = {isa = PBXBuildFile; fileRef = CFC029FA197D0D4F00E68EF4 /* main.m */; };
		CFC029FF197D0D4F00E68EF4 /* AppDelegate.m in Sources */ = {isa = PBXBuildFile; fileRef = CFC029FE197D0D4F00E68EF4 /* AppDelegate.m */; };
		CFC02A02197D0D4F00E68EF4 /* Main.storyboard in Resources */ = {isa = PBXBuildFile; fileRef = CFC02A00197D0D4F00E68EF4 /* Main.storyboard */; };
		CFC02A05197D0D4F00E68EF4 /* ViewController.m in Sources */ = {isa = PBXBuildFile; fileRef = CFC02A04197D0D4F00E68EF4 /* ViewController.m */; };
		CFC02A07197D0D4F00E68EF4 /* Images.xcassets in Resources */ = {isa = PBXBuildFile; fileRef = CFC02A06197D0D4F00E68EF4 /* Images.xcassets */; };
		CFC02A0E197D0D4F00E68EF4 /* XCTest.framework in Frameworks */ = {isa = PBXBuildFile; fileRef = CFC02A0D197D0D4F00E68EF4 /* XCTest.framework */; };
		CFC02A0F197D0D4F00E68EF4 /* Foundation.framework in Frameworks */ = {isa = PBXBuildFile; fileRef = CFC029EE197D0D4F00E68EF4 /* Foundation.framework */; };
		CFC02A10197D0D4F00E68EF4 /* UIKit.framework in Frameworks */ = {isa = PBXBuildFile; fileRef = CFC029F2197D0D4F00E68EF4 /* UIKit.framework */; };
		CFC02A18197D0D4F00E68EF4 /* InfoPlist.strings in Resources */ = {isa = PBXBuildFile; fileRef = CFC02A16197D0D4F00E68EF4 /* InfoPlist.strings */; };
		CFC02A1A197D0D4F00E68EF4 /* MapSampleTests.m in Sources */ = {isa = PBXBuildFile; fileRef = CFC02A19197D0D4F00E68EF4 /* MapSampleTests.m */; };
		CFC02A25197D152A00E68EF4 /* CustomAnnotation.m in Sources */ = {isa = PBXBuildFile; fileRef = CFC02A24197D152A00E68EF4 /* CustomAnnotation.m */; };
		CFC02A27197D192E00E68EF4 /* MapKit.framework in Frameworks */ = {isa = PBXBuildFile; fileRef = CFC02A26197D192E00E68EF4 /* MapKit.framework */; };
		CFC02A29197D1A4000E68EF4 /* CoreLocation.framework in Frameworks */ = {isa = PBXBuildFile; fileRef = CFC02A28197D1A4000E68EF4 /* CoreLocation.framework */; };
		CFC02A2B197D2BD200E68EF4 /* image.png in Resources */ = {isa = PBXBuildFile; fileRef = CFC02A2A197D2BD200E68EF4 /* image.png */; };
		CFC02A2E197D406A00E68EF4 /* AnnotationViewImage.m in Sources */ = {isa = PBXBuildFile; fileRef = CFC02A2D197D406A00E68EF4 /* AnnotationViewImage.m */; };
/* End PBXBuildFile section */

/* Begin PBXContainerItemProxy section */
		CFC02A11197D0D4F00E68EF4 /* PBXContainerItemProxy */ = {
			isa = PBXContainerItemProxy;
			containerPortal = CFC029E3197D0D4E00E68EF4 /* Project object */;
			proxyType = 1;
			remoteGlobalIDString = CFC029EA197D0D4F00E68EF4;
			remoteInfo = MapSample;
		};
/* End PBXContainerItemProxy section */

/* Begin PBXFileReference section */
		CFC029EB197D0D4F00E68EF4 /* MapSample.app */ = {isa = PBXFileReference; explicitFileType = wrapper.application; includeInIndex = 0; path = MapSample.app; sourceTree = BUILT_PRODUCTS_DIR; };
		CFC029EE197D0D4F00E68EF4 /* Foundation.framework */ = {isa = PBXFileReference; lastKnownFileType = wrapper.framework; name = Foundation.framework; path = System/Library/Frameworks/Foundation.framework; sourceTree = SDKROOT; };
		CFC029F0197D0D4F00E68EF4 /* CoreGraphics.framework */ = {isa = PBXFileReference; lastKnownFileType = wrapper.framework; name = CoreGraphics.framework; path = System/Library/Frameworks/CoreGraphics.framework; sourceTree = SDKROOT; };
		CFC029F2197D0D4F00E68EF4 /* UIKit.framework */ = {isa = PBXFileReference; lastKnownFileType = wrapper.framework; name = UIKit.framework; path = System/Library/Frameworks/UIKit.framework; sourceTree = SDKROOT; };
		CFC029F6197D0D4F00E68EF4 /* MapSample-Info.plist */ = {isa = PBXFileReference; lastKnownFileType = text.plist.xml; path = "MapSample-Info.plist"; sourceTree = "<group>"; };
		CFC029F8197D0D4F00E68EF4 /* en */ = {isa = PBXFileReference; lastKnownFileType = text.plist.strings; name = en; path = en.lproj/InfoPlist.strings; sourceTree = "<group>"; };
		CFC029FA197D0D4F00E68EF4 /* main.m */ = {isa = PBXFileReference; lastKnownFileType = sourcecode.c.objc; path = main.m; sourceTree = "<group>"; };
		CFC029FC197D0D4F00E68EF4 /* MapSample-Prefix.pch */ = {isa = PBXFileReference; lastKnownFileType = sourcecode.c.h; path = "MapSample-Prefix.pch"; sourceTree = "<group>"; };
		CFC029FD197D0D4F00E68EF4 /* AppDelegate.h */ = {isa = PBXFileReference; lastKnownFileType = sourcecode.c.h; path = AppDelegate.h; sourceTree = "<group>"; };
		CFC029FE197D0D4F00E68EF4 /* AppDelegate.m */ = {isa = PBXFileReference; lastKnownFileType = sourcecode.c.objc; path = AppDelegate.m; sourceTree = "<group>"; };
		CFC02A01197D0D4F00E68EF4 /* Base */ = {isa = PBXFileReference; lastKnownFileType = file.storyboard; name = Base; path = Base.lproj/Main.storyboard; sourceTree = "<group>"; };
		CFC02A03197D0D4F00E68EF4 /* ViewController.h */ = {isa = PBXFileReference; lastKnownFileType = sourcecode.c.h; path = ViewController.h; sourceTree = "<group>"; };
		CFC02A04197D0D4F00E68EF4 /* ViewController.m */ = {isa = PBXFileReference; lastKnownFileType = sourcecode.c.objc; path = ViewController.m; sourceTree = "<group>"; };
		CFC02A06197D0D4F00E68EF4 /* Images.xcassets */ = {isa = PBXFileReference; lastKnownFileType = folder.assetcatalog; path = Images.xcassets; sourceTree = "<group>"; };
		CFC02A0C197D0D4F00E68EF4 /* MapSampleTests.xctest */ = {isa = PBXFileReference; explicitFileType = wrapper.cfbundle; includeInIndex = 0; path = MapSampleTests.xctest; sourceTree = BUILT_PRODUCTS_DIR; };
		CFC02A0D197D0D4F00E68EF4 /* XCTest.framework */ = {isa = PBXFileReference; lastKnownFileType = wrapper.framework; name = XCTest.framework; path = Library/Frameworks/XCTest.framework; sourceTree = DEVELOPER_DIR; };
		CFC02A15197D0D4F00E68EF4 /* MapSampleTests-Info.plist */ = {isa = PBXFileReference; lastKnownFileType = text.plist.xml; path = "MapSampleTests-Info.plist"; sourceTree = "<group>"; };
		CFC02A17197D0D4F00E68EF4 /* en */ = {isa = PBXFileReference; lastKnownFileType = text.plist.strings; name = en; path = en.lproj/InfoPlist.strings; sourceTree = "<group>"; };
		CFC02A19197D0D4F00E68EF4 /* MapSampleTests.m */ = {isa = PBXFileReference; lastKnownFileType = sourcecode.c.objc; path = MapSampleTests.m; sourceTree = "<group>"; };
		CFC02A23197D152A00E68EF4 /* CustomAnnotation.h */ = {isa = PBXFileReference; fileEncoding = 4; lastKnownFileType = sourcecode.c.h; path = CustomAnnotation.h; sourceTree = "<group>"; };
		CFC02A24197D152A00E68EF4 /* CustomAnnotation.m */ = {isa = PBXFileReference; fileEncoding = 4; lastKnownFileType = sourcecode.c.objc; path = CustomAnnotation.m; sourceTree = "<group>"; };
		CFC02A26197D192E00E68EF4 /* MapKit.framework */ = {isa = PBXFileReference; lastKnownFileType = wrapper.framework; name = MapKit.framework; path = System/Library/Frameworks/MapKit.framework; sourceTree = SDKROOT; };
		CFC02A28197D1A4000E68EF4 /* CoreLocation.framework */ = {isa = PBXFileReference; lastKnownFileType = wrapper.framework; name = CoreLocation.framework; path = System/Library/Frameworks/CoreLocation.framework; sourceTree = SDKROOT; };
		CFC02A2A197D2BD200E68EF4 /* image.png */ = {isa = PBXFileReference; lastKnownFileType = image.png; path = image.png; sourceTree = "<group>"; };
		CFC02A2C197D406A00E68EF4 /* AnnotationViewImage.h */ = {isa = PBXFileReference; fileEncoding = 4; lastKnownFileType = sourcecode.c.h; path = AnnotationViewImage.h; sourceTree = "<group>"; };
		CFC02A2D197D406A00E68EF4 /* AnnotationViewImage.m */ = {isa = PBXFileReference; fileEncoding = 4; lastKnownFileType = sourcecode.c.objc; path = AnnotationViewImage.m; sourceTree = "<group>"; };
/* End PBXFileReference section */

/* Begin PBXFrameworksBuildPhase section */
		CFC029E8197D0D4F00E68EF4 /* Frameworks */ = {
			isa = PBXFrameworksBuildPhase;
			buildActionMask = 2147483647;
			files = (
				CFC029F1197D0D4F00E68EF4 /* CoreGraphics.framework in Frameworks */,
				CFC02A29197D1A4000E68EF4 /* CoreLocation.framework in Frameworks */,
				CFC029F3197D0D4F00E68EF4 /* UIKit.framework in Frameworks */,
				CFC02A27197D192E00E68EF4 /* MapKit.framework in Frameworks */,
				CFC029EF197D0D4F00E68EF4 /* Foundation.framework in Frameworks */,
			);
			runOnlyForDeploymentPostprocessing = 0;
		};
		CFC02A09197D0D4F00E68EF4 /* Frameworks */ = {
			isa = PBXFrameworksBuildPhase;
			buildActionMask = 2147483647;
			files = (
				CFC02A0E197D0D4F00E68EF4 /* XCTest.framework in Frameworks */,
				CFC02A10197D0D4F00E68EF4 /* UIKit.framework in Frameworks */,
				CFC02A0F197D0D4F00E68EF4 /* Foundation.framework in Frameworks */,
			);
			runOnlyForDeploymentPostprocessing = 0;
		};
/* End PBXFrameworksBuildPhase section */

/* Begin PBXGroup section */
		CFC029E2197D0D4E00E68EF4 = {
			isa = PBXGroup;
			children = (
				CFC029F4197D0D4F00E68EF4 /* MapSample */,
				CFC02A13197D0D4F00E68EF4 /* MapSampleTests */,
				CFC029ED197D0D4F00E68EF4 /* Frameworks */,
				CFC029EC197D0D4F00E68EF4 /* Products */,
			);
			sourceTree = "<group>";
		};
		CFC029EC197D0D4F00E68EF4 /* Products */ = {
			isa = PBXGroup;
			children = (
				CFC029EB197D0D4F00E68EF4 /* MapSample.app */,
				CFC02A0C197D0D4F00E68EF4 /* MapSampleTests.xctest */,
			);
			name = Products;
			sourceTree = "<group>";
		};
		CFC029ED197D0D4F00E68EF4 /* Frameworks */ = {
			isa = PBXGroup;
			children = (
				CFC02A28197D1A4000E68EF4 /* CoreLocation.framework */,
				CFC02A26197D192E00E68EF4 /* MapKit.framework */,
				CFC029EE197D0D4F00E68EF4 /* Foundation.framework */,
				CFC029F0197D0D4F00E68EF4 /* CoreGraphics.framework */,
				CFC029F2197D0D4F00E68EF4 /* UIKit.framework */,
				CFC02A0D197D0D4F00E68EF4 /* XCTest.framework */,
			);
			name = Frameworks;
			sourceTree = "<group>";
		};
		CFC029F4197D0D4F00E68EF4 /* MapSample */ = {
			isa = PBXGroup;
			children = (
				CFC02A2A197D2BD200E68EF4 /* image.png */,
				CFC029FD197D0D4F00E68EF4 /* AppDelegate.h */,
				CFC029FE197D0D4F00E68EF4 /* AppDelegate.m */,
				CFC02A00197D0D4F00E68EF4 /* Main.storyboard */,
				CFC02A03197D0D4F00E68EF4 /* ViewController.h */,
				CFC02A04197D0D4F00E68EF4 /* ViewController.m */,
				CFC02A23197D152A00E68EF4 /* CustomAnnotation.h */,
				CFC02A24197D152A00E68EF4 /* CustomAnnotation.m */,
				CFC02A2C197D406A00E68EF4 /* AnnotationViewImage.h */,
				CFC02A2D197D406A00E68EF4 /* AnnotationViewImage.m */,
				CFC02A06197D0D4F00E68EF4 /* Images.xcassets */,
				CFC029F5197D0D4F00E68EF4 /* Supporting Files */,
			);
			path = MapSample;
			sourceTree = "<group>";
		};
		CFC029F5197D0D4F00E68EF4 /* Supporting Files */ = {
			isa = PBXGroup;
			children = (
				CFC029F6197D0D4F00E68EF4 /* MapSample-Info.plist */,
				CFC029F7197D0D4F00E68EF4 /* InfoPlist.strings */,
				CFC029FA197D0D4F00E68EF4 /* main.m */,
				CFC029FC197D0D4F00E68EF4 /* MapSample-Prefix.pch */,
			);
			name = "Supporting Files";
			sourceTree = "<group>";
		};
		CFC02A13197D0D4F00E68EF4 /* MapSampleTests */ = {
			isa = PBXGroup;
			children = (
				CFC02A19197D0D4F00E68EF4 /* MapSampleTests.m */,
				CFC02A14197D0D4F00E68EF4 /* Supporting Files */,
			);
			path = MapSampleTests;
			sourceTree = "<group>";
		};
		CFC02A14197D0D4F00E68EF4 /* Supporting Files */ = {
			isa = PBXGroup;
			children = (
				CFC02A15197D0D4F00E68EF4 /* MapSampleTests-Info.plist */,
				CFC02A16197D0D4F00E68EF4 /* InfoPlist.strings */,
			);
			name = "Supporting Files";
			sourceTree = "<group>";
		};
/* End PBXGroup section */

/* Begin PBXNativeTarget section */
		CFC029EA197D0D4F00E68EF4 /* MapSample */ = {
			isa = PBXNativeTarget;
			buildConfigurationList = CFC02A1D197D0D4F00E68EF4 /* Build configuration list for PBXNativeTarget "MapSample" */;
			buildPhases = (
				CFC029E7197D0D4F00E68EF4 /* Sources */,
				CFC029E8197D0D4F00E68EF4 /* Frameworks */,
				CFC029E9197D0D4F00E68EF4 /* Resources */,
			);
			buildRules = (
			);
			dependencies = (
			);
			name = MapSample;
			productName = MapSample;
			productReference = CFC029EB197D0D4F00E68EF4 /* MapSample.app */;
			productType = "com.apple.product-type.application";
		};
		CFC02A0B197D0D4F00E68EF4 /* MapSampleTests */ = {
			isa = PBXNativeTarget;
			buildConfigurationList = CFC02A20197D0D4F00E68EF4 /* Build configuration list for PBXNativeTarget "MapSampleTests" */;
			buildPhases = (
				CFC02A08197D0D4F00E68EF4 /* Sources */,
				CFC02A09197D0D4F00E68EF4 /* Frameworks */,
				CFC02A0A197D0D4F00E68EF4 /* Resources */,
			);
			buildRules = (
			);
			dependencies = (
				CFC02A12197D0D4F00E68EF4 /* PBXTargetDependency */,
			);
			name = MapSampleTests;
			productName = MapSampleTests;
			productReference = CFC02A0C197D0D4F00E68EF4 /* MapSampleTests.xctest */;
			productType = "com.apple.product-type.bundle.unit-test";
		};
/* End PBXNativeTarget section */

/* Begin PBXProject section */
		CFC029E3197D0D4E00E68EF4 /* Project object */ = {
			isa = PBXProject;
			attributes = {
				LastUpgradeCheck = 0510;
				ORGANIZATIONNAME = Strietzel;
				TargetAttributes = {
					CFC02A0B197D0D4F00E68EF4 = {
						TestTargetID = CFC029EA197D0D4F00E68EF4;
					};
				};
			};
			buildConfigurationList = CFC029E6197D0D4E00E68EF4 /* Build configuration list for PBXProject "MapSample" */;
			compatibilityVersion = "Xcode 3.2";
			developmentRegion = English;
			hasScannedForEncodings = 0;
			knownRegions = (
				en,
				Base,
			);
			mainGroup = CFC029E2197D0D4E00E68EF4;
			productRefGroup = CFC029EC197D0D4F00E68EF4 /* Products */;
			projectDirPath = "";
			projectRoot = "";
			targets = (
				CFC029EA197D0D4F00E68EF4 /* MapSample */,
				CFC02A0B197D0D4F00E68EF4 /* MapSampleTests */,
			);
		};
/* End PBXProject section */

/* Begin PBXResourcesBuildPhase section */
		CFC029E9197D0D4F00E68EF4 /* Resources */ = {
			isa = PBXResourcesBuildPhase;
			buildActionMask = 2147483647;
			files = (
				CFC02A07197D0D4F00E68EF4 /* Images.xcassets in Resources */,
				CFC02A2B197D2BD200E68EF4 /* image.png in Resources */,
				CFC029F9197D0D4F00E68EF4 /* InfoPlist.strings in Resources */,
				CFC02A02197D0D4F00E68EF4 /* Main.storyboard in Resources */,
			);
			runOnlyForDeploymentPostprocessing = 0;
		};
		CFC02A0A197D0D4F00E68EF4 /* Resources */ = {
			isa = PBXResourcesBuildPhase;
			buildActionMask = 2147483647;
			files = (
				CFC02A18197D0D4F00E68EF4 /* InfoPlist.strings in Resources */,
			);
			runOnlyForDeploymentPostprocessing = 0;
		};
/* End PBXResourcesBuildPhase section */

/* Begin PBXSourcesBuildPhase section */
		CFC029E7197D0D4F00E68EF4 /* Sources */ = {
			isa = PBXSourcesBuildPhase;
			buildActionMask = 2147483647;
			files = (
				CFC02A05197D0D4F00E68EF4 /* ViewController.m in Sources */,
				CFC029FF197D0D4F00E68EF4 /* AppDelegate.m in Sources */,
				CFC02A2E197D406A00E68EF4 /* AnnotationViewImage.m in Sources */,
				CFC029FB197D0D4F00E68EF4 /* main.m in Sources */,
				CFC02A25197D152A00E68EF4 /* CustomAnnotation.m in Sources */,
			);
			runOnlyForDeploymentPostprocessing = 0;
		};
		CFC02A08197D0D4F00E68EF4 /* Sources */ = {
			isa = PBXSourcesBuildPhase;
			buildActionMask = 2147483647;
			files = (
				CFC02A1A197D0D4F00E68EF4 /* MapSampleTests.m in Sources */,
			);
			runOnlyForDeploymentPostprocessing = 0;
		};
/* End PBXSourcesBuildPhase section */

/* Begin PBXTargetDependency section */
		CFC02A12197D0D4F00E68EF4 /* PBXTargetDependency */ = {
			isa = PBXTargetDependency;
			target = CFC029EA197D0D4F00E68EF4 /* MapSample */;
			targetProxy = CFC02A11197D0D4F00E68EF4 /* PBXContainerItemProxy */;
		};
/* End PBXTargetDependency section */

/* Begin PBXVariantGroup section */
		CFC029F7197D0D4F00E68EF4 /* InfoPlist.strings */ = {
			isa = PBXVariantGroup;
			children = (
				CFC029F8197D0D4F00E68EF4 /* en */,
			);
			name = InfoPlist.strings;
			sourceTree = "<group>";
		};
		CFC02A00197D0D4F00E68EF4 /* Main.storyboard */ = {
			isa = PBXVariantGroup;
			children = (
				CFC02A01197D0D4F00E68EF4 /* Base */,
			);
			name = Main.storyboard;
			sourceTree = "<group>";
		};
		CFC02A16197D0D4F00E68EF4 /* InfoPlist.strings */ = {
			isa = PBXVariantGroup;
			children = (
				CFC02A17197D0D4F00E68EF4 /* en */,
			);
			name = InfoPlist.strings;
			sourceTree = "<group>";
		};
/* End PBXVariantGroup section */

/* Begin XCBuildConfiguration section */
		CFC02A1B197D0D4F00E68EF4 /* Debug */ = {
			isa = XCBuildConfiguration;
			buildSettings = {
				ALWAYS_SEARCH_USER_PATHS = NO;
				CLANG_CXX_LANGUAGE_STANDARD = "gnu++0x";
				CLANG_CXX_LIBRARY = "libc++";
				CLANG_ENABLE_MODULES = YES;
				CLANG_ENABLE_OBJC_ARC = YES;
				CLANG_WARN_BOOL_CONVERSION = YES;
				CLANG_WARN_CONSTANT_CONVERSION = YES;
				CLANG_WARN_DIRECT_OBJC_ISA_USAGE = YES_ERROR;
				CLANG_WARN_EMPTY_BODY = YES;
				CLANG_WARN_ENUM_CONVERSION = YES;
				CLANG_WARN_INT_CONVERSION = YES;
				CLANG_WARN_OBJC_ROOT_CLASS = YES_ERROR;
				CLANG_WARN__DUPLICATE_METHOD_MATCH = YES;
				"CODE_SIGN_IDENTITY[sdk=iphoneos*]" = "iPhone Developer";
				COPY_PHASE_STRIP = NO;
				GCC_C_LANGUAGE_STANDARD = gnu99;
				GCC_DYNAMIC_NO_PIC = NO;
				GCC_OPTIMIZATION_LEVEL = 0;
				GCC_PREPROCESSOR_DEFINITIONS = (
					"DEBUG=1",
					"$(inherited)",
				);
				GCC_SYMBOLS_PRIVATE_EXTERN = NO;
				GCC_WARN_64_TO_32_BIT_CONVERSION = YES;
				GCC_WARN_ABOUT_RETURN_TYPE = YES_ERROR;
				GCC_WARN_UNDECLARED_SELECTOR = YES;
				GCC_WARN_UNINITIALIZED_AUTOS = YES_AGGRESSIVE;
				GCC_WARN_UNUSED_FUNCTION = YES;
				GCC_WARN_UNUSED_VARIABLE = YES;
				IPHONEOS_DEPLOYMENT_TARGET = 7.1;
				ONLY_ACTIVE_ARCH = YES;
				SDKROOT = iphoneos;
			};
			name = Debug;
		};
		CFC02A1C197D0D4F00E68EF4 /* Release */ = {
			isa = XCBuildConfiguration;
			buildSettings = {
				ALWAYS_SEARCH_USER_PATHS = NO;
				CLANG_CXX_LANGUAGE_STANDARD = "gnu++0x";
				CLANG_CXX_LIBRARY = "libc++";
				CLANG_ENABLE_MODULES = YES;
				CLANG_ENABLE_OBJC_ARC = YES;
				CLANG_WARN_BOOL_CONVERSION = YES;
				CLANG_WARN_CONSTANT_CONVERSION = YES;
				CLANG_WARN_DIRECT_OBJC_ISA_USAGE = YES_ERROR;
				CLANG_WARN_EMPTY_BODY = YES;
				CLANG_WARN_ENUM_CONVERSION = YES;
				CLANG_WARN_INT_CONVERSION = YES;
				CLANG_WARN_OBJC_ROOT_CLASS = YES_ERROR;
				CLANG_WARN__DUPLICATE_METHOD_MATCH = YES;
				"CODE_SIGN_IDENTITY[sdk=iphoneos*]" = "iPhone Developer";
				COPY_PHASE_STRIP = YES;
				ENABLE_NS_ASSERTIONS = NO;
				GCC_C_LANGUAGE_STANDARD = gnu99;
				GCC_WARN_64_TO_32_BIT_CONVERSION = YES;
				GCC_WARN_ABOUT_RETURN_TYPE = YES_ERROR;
				GCC_WARN_UNDECLARED_SELECTOR = YES;
				GCC_WARN_UNINITIALIZED_AUTOS = YES_AGGRESSIVE;
				GCC_WARN_UNUSED_FUNCTION = YES;
				GCC_WARN_UNUSED_VARIABLE = YES;
				IPHONEOS_DEPLOYMENT_TARGET = 7.1;
				SDKROOT = iphoneos;
				VALIDATE_PRODUCT = YES;
			};
			name = Release;
		};
		CFC02A1E197D0D4F00E68EF4 /* Debug */ = {
			isa = XCBuildConfiguration;
			buildSettings = {
				ASSETCATALOG_COMPILER_APPICON_NAME = AppIcon;
				ASSETCATALOG_COMPILER_LAUNCHIMAGE_NAME = LaunchImage;
				GCC_PRECOMPILE_PREFIX_HEADER = YES;
				GCC_PREFIX_HEADER = "MapSample/MapSample-Prefix.pch";
				INFOPLIST_FILE = "MapSample/MapSample-Info.plist";
				PRODUCT_NAME = "$(TARGET_NAME)";
				WRAPPER_EXTENSION = app;
			};
			name = Debug;
		};
		CFC02A1F197D0D4F00E68EF4 /* Release */ = {
			isa = XCBuildConfiguration;
			buildSettings = {
				ASSETCATALOG_COMPILER_APPICON_NAME = AppIcon;
				ASSETCATALOG_COMPILER_LAUNCHIMAGE_NAME = LaunchImage;
				GCC_PRECOMPILE_PREFIX_HEADER = YES;
				GCC_PREFIX_HEADER = "MapSample/MapSample-Prefix.pch";
				INFOPLIST_FILE = "MapSample/MapSample-Info.plist";
				PRODUCT_NAME = "$(TARGET_NAME)";
				WRAPPER_EXTENSION = app;
			};
			name = Release;
		};
		CFC02A21197D0D4F00E68EF4 /* Debug */ = {
			isa = XCBuildConfiguration;
			buildSettings = {
				BUNDLE_LOADER = "$(BUILT_PRODUCTS_DIR)/MapSample.app/MapSample";
				FRAMEWORK_SEARCH_PATHS = (
					"$(SDKROOT)/Developer/Library/Frameworks",
					"$(inherited)",
					"$(DEVELOPER_FRAMEWORKS_DIR)",
				);
				GCC_PRECOMPILE_PREFIX_HEADER = YES;
				GCC_PREFIX_HEADER = "MapSample/MapSample-Prefix.pch";
				GCC_PREPROCESSOR_DEFINITIONS = (
					"DEBUG=1",
					"$(inherited)",
				);
				INFOPLIST_FILE = "MapSampleTests/MapSampleTests-Info.plist";
				PRODUCT_NAME = "$(TARGET_NAME)";
				TEST_HOST = "$(BUNDLE_LOADER)";
				WRAPPER_EXTENSION = xctest;
			};
			name = Debug;
		};
		CFC02A22197D0D4F00E68EF4 /* Release */ = {
			isa = XCBuildConfiguration;
			buildSettings = {
				BUNDLE_LOADER = "$(BUILT_PRODUCTS_DIR)/MapSample.app/MapSample";
				FRAMEWORK_SEARCH_PATHS = (
					"$(SDKROOT)/Developer/Library/Frameworks",
					"$(inherited)",
					"$(DEVELOPER_FRAMEWORKS_DIR)",
				);
				GCC_PRECOMPILE_PREFIX_HEADER = YES;
				GCC_PREFIX_HEADER = "MapSample/MapSample-Prefix.pch";
				INFOPLIST_FILE = "MapSampleTests/MapSampleTests-Info.plist";
				PRODUCT_NAME = "$(TARGET_NAME)";
				TEST_HOST = "$(BUNDLE_LOADER)";
				WRAPPER_EXTENSION = xctest;
			};
			name = Release;
		};
/* End XCBuildConfiguration section */

/* Begin XCConfigurationList section */
		CFC029E6197D0D4E00E68EF4 /* Build configuration list for PBXProject "MapSample" */ = {
			isa = XCConfigurationList;
			buildConfigurations = (
				CFC02A1B197D0D4F00E68EF4 /* Debug */,
				CFC02A1C197D0D4F00E68EF4 /* Release */,
			);
			defaultConfigurationIsVisible = 0;
			defaultConfigurationName = Release;
		};
		CFC02A1D197D0D4F00E68EF4 /* Build configuration list for PBXNativeTarget "MapSample" */ = {
			isa = XCConfigurationList;
			buildConfigurations = (
				CFC02A1E197D0D4F00E68EF4 /* Debug */,
				CFC02A1F197D0D4F00E68EF4 /* Release */,
			);
			defaultConfigurationIsVisible = 0;
		};
		CFC02A20197D0D4F00E68EF4 /* Build configuration list for PBXNativeTarget "MapSampleTests" */ = {
			isa = XCConfigurationList;
			buildConfigurations = (
				CFC02A21197D0D4F00E68EF4 /* Debug */,
				CFC02A22197D0D4F00E68EF4 /* Release */,
			);
			defaultConfigurationIsVisible = 0;
		};
/* End XCConfigurationList section */
	};
	rootObject = CFC029E3197D0D4E00E68EF4 /* Project object */;
}
